
Microsoft Visual Studio Solution File, Format Version 12.00
# Visual Studio Version 16
VisualStudioVersion = 16.0.29102.190
MinimumVisualStudioVersion = 10.0.40219.1
Project("{2150E333-8FDC-42A3-9474-1A3956D46DE8}") = "Solution Items", "Solution Items", "{0CF03BCA-B589-4CB9-88E2-1DDC9D3ED733}"
	ProjectSection(SolutionItems) = preProject
		README.md = README.md
		Research.md = Research.md
	EndProjectSection
EndProject
Project("{9A19103F-16F7-4668-BE54-9A1E7A4F7556}") = "Statecharts.NET.Core", "Statecharts.NET.Core\Statecharts.NET.Core.csproj", "{2AB196F4-E2B9-424E-A957-A4C5600E384B}"
EndProject
Project("{9A19103F-16F7-4668-BE54-9A1E7A4F7556}") = "Statecharts.NET.Core.Tests", "Statecharts.NET.Core.Tests\Statecharts.NET.Core.Tests.csproj", "{C710E619-E730-483A-B6D4-F66853711A22}"
EndProject
Project("{9A19103F-16F7-4668-BE54-9A1E7A4F7556}") = "Statecharts.NET.Demos", "Statecharts.NET.Demo\Statecharts.NET.Demos.csproj", "{2AF48A52-944B-4B09-89F5-0BB400603B23}"
EndProject
Project("{9A19103F-16F7-4668-BE54-9A1E7A4F7556}") = "Statecharts.NET.Language", "Statecharts.NET.Language\Statecharts.NET.Language.csproj", "{72401C57-5422-4EC8-8FCD-19EC1A7E6D94}"
EndProject
Project("{9A19103F-16F7-4668-BE54-9A1E7A4F7556}") = "Statecharts.NET.XState", "Statecharts.NET.XState\Statecharts.NET.XState.csproj", "{708EB39C-BDD9-46E0-9F33-709574000AEF}"
EndProject
Project("{9A19103F-16F7-4668-BE54-9A1E7A4F7556}") = "Statecharts.NET.XState.Tests", "Statecharts.NET.XState.Tests\Statecharts.NET.XState.Tests.csproj", "{4991BF4E-64D7-4D42-A678-F25C58E77FC2}"
EndProject
Project("{FAE04EC0-301F-11D3-BF4B-00C04F79EFBC}") = "Statecharts.NET.Demo.UWP", "Statecharts.NET.Demo.UWP\Statecharts.NET.Demo.UWP.csproj", "{044EDBCF-1DAA-4205-916C-70D1633FAD3D}"
EndProject
Global
	GlobalSection(SolutionConfigurationPlatforms) = preSolution
		Debug|Any CPU = Debug|Any CPU
		Debug|ARM = Debug|ARM
		Debug|ARM64 = Debug|ARM64
		Debug|x64 = Debug|x64
		Debug|x86 = Debug|x86
		Release|Any CPU = Release|Any CPU
		Release|ARM = Release|ARM
		Release|ARM64 = Release|ARM64
		Release|x64 = Release|x64
		Release|x86 = Release|x86
	EndGlobalSection
	GlobalSection(ProjectConfigurationPlatforms) = postSolution
		{2AB196F4-E2B9-424E-A957-A4C5600E384B}.Debug|Any CPU.ActiveCfg = Debug|Any CPU
		{2AB196F4-E2B9-424E-A957-A4C5600E384B}.Debug|Any CPU.Build.0 = Debug|Any CPU
		{2AB196F4-E2B9-424E-A957-A4C5600E384B}.Debug|ARM.ActiveCfg = Debug|Any CPU
		{2AB196F4-E2B9-424E-A957-A4C5600E384B}.Debug|ARM.Build.0 = Debug|Any CPU
		{2AB196F4-E2B9-424E-A957-A4C5600E384B}.Debug|ARM64.ActiveCfg = Debug|Any CPU
		{2AB196F4-E2B9-424E-A957-A4C5600E384B}.Debug|ARM64.Build.0 = Debug|Any CPU
		{2AB196F4-E2B9-424E-A957-A4C5600E384B}.Debug|x64.ActiveCfg = Debug|Any CPU
		{2AB196F4-E2B9-424E-A957-A4C5600E384B}.Debug|x64.Build.0 = Debug|Any CPU
		{2AB196F4-E2B9-424E-A957-A4C5600E384B}.Debug|x86.ActiveCfg = Debug|Any CPU
		{2AB196F4-E2B9-424E-A957-A4C5600E384B}.Debug|x86.Build.0 = Debug|Any CPU
		{2AB196F4-E2B9-424E-A957-A4C5600E384B}.Release|Any CPU.ActiveCfg = Release|Any CPU
		{2AB196F4-E2B9-424E-A957-A4C5600E384B}.Release|Any CPU.Build.0 = Release|Any CPU
		{2AB196F4-E2B9-424E-A957-A4C5600E384B}.Release|ARM.ActiveCfg = Release|Any CPU
		{2AB196F4-E2B9-424E-A957-A4C5600E384B}.Release|ARM.Build.0 = Release|Any CPU
		{2AB196F4-E2B9-424E-A957-A4C5600E384B}.Release|ARM64.ActiveCfg = Release|Any CPU
		{2AB196F4-E2B9-424E-A957-A4C5600E384B}.Release|ARM64.Build.0 = Release|Any CPU
		{2AB196F4-E2B9-424E-A957-A4C5600E384B}.Release|x64.ActiveCfg = Release|Any CPU
		{2AB196F4-E2B9-424E-A957-A4C5600E384B}.Release|x64.Build.0 = Release|Any CPU
		{2AB196F4-E2B9-424E-A957-A4C5600E384B}.Release|x86.ActiveCfg = Release|Any CPU
		{2AB196F4-E2B9-424E-A957-A4C5600E384B}.Release|x86.Build.0 = Release|Any CPU
		{C710E619-E730-483A-B6D4-F66853711A22}.Debug|Any CPU.ActiveCfg = Debug|Any CPU
		{C710E619-E730-483A-B6D4-F66853711A22}.Debug|Any CPU.Build.0 = Debug|Any CPU
		{C710E619-E730-483A-B6D4-F66853711A22}.Debug|ARM.ActiveCfg = Debug|Any CPU
		{C710E619-E730-483A-B6D4-F66853711A22}.Debug|ARM.Build.0 = Debug|Any CPU
		{C710E619-E730-483A-B6D4-F66853711A22}.Debug|ARM64.ActiveCfg = Debug|Any CPU
		{C710E619-E730-483A-B6D4-F66853711A22}.Debug|ARM64.Build.0 = Debug|Any CPU
		{C710E619-E730-483A-B6D4-F66853711A22}.Debug|x64.ActiveCfg = Debug|Any CPU
		{C710E619-E730-483A-B6D4-F66853711A22}.Debug|x64.Build.0 = Debug|Any CPU
		{C710E619-E730-483A-B6D4-F66853711A22}.Debug|x86.ActiveCfg = Debug|Any CPU
		{C710E619-E730-483A-B6D4-F66853711A22}.Debug|x86.Build.0 = Debug|Any CPU
		{C710E619-E730-483A-B6D4-F66853711A22}.Release|Any CPU.ActiveCfg = Release|Any CPU
		{C710E619-E730-483A-B6D4-F66853711A22}.Release|Any CPU.Build.0 = Release|Any CPU
		{C710E619-E730-483A-B6D4-F66853711A22}.Release|ARM.ActiveCfg = Release|Any CPU
		{C710E619-E730-483A-B6D4-F66853711A22}.Release|ARM.Build.0 = Release|Any CPU
		{C710E619-E730-483A-B6D4-F66853711A22}.Release|ARM64.ActiveCfg = Release|Any CPU
		{C710E619-E730-483A-B6D4-F66853711A22}.Release|ARM64.Build.0 = Release|Any CPU
		{C710E619-E730-483A-B6D4-F66853711A22}.Release|x64.ActiveCfg = Release|Any CPU
		{C710E619-E730-483A-B6D4-F66853711A22}.Release|x64.Build.0 = Release|Any CPU
		{C710E619-E730-483A-B6D4-F66853711A22}.Release|x86.ActiveCfg = Release|Any CPU
		{C710E619-E730-483A-B6D4-F66853711A22}.Release|x86.Build.0 = Release|Any CPU
		{2AF48A52-944B-4B09-89F5-0BB400603B23}.Debug|Any CPU.ActiveCfg = Debug|Any CPU
		{2AF48A52-944B-4B09-89F5-0BB400603B23}.Debug|Any CPU.Build.0 = Debug|Any CPU
		{2AF48A52-944B-4B09-89F5-0BB400603B23}.Debug|ARM.ActiveCfg = Debug|Any CPU
		{2AF48A52-944B-4B09-89F5-0BB400603B23}.Debug|ARM.Build.0 = Debug|Any CPU
		{2AF48A52-944B-4B09-89F5-0BB400603B23}.Debug|ARM64.ActiveCfg = Debug|Any CPU
		{2AF48A52-944B-4B09-89F5-0BB400603B23}.Debug|ARM64.Build.0 = Debug|Any CPU
		{2AF48A52-944B-4B09-89F5-0BB400603B23}.Debug|x64.ActiveCfg = Debug|Any CPU
		{2AF48A52-944B-4B09-89F5-0BB400603B23}.Debug|x64.Build.0 = Debug|Any CPU
		{2AF48A52-944B-4B09-89F5-0BB400603B23}.Debug|x86.ActiveCfg = Debug|Any CPU
		{2AF48A52-944B-4B09-89F5-0BB400603B23}.Debug|x86.Build.0 = Debug|Any CPU
		{2AF48A52-944B-4B09-89F5-0BB400603B23}.Release|Any CPU.ActiveCfg = Release|Any CPU
		{2AF48A52-944B-4B09-89F5-0BB400603B23}.Release|Any CPU.Build.0 = Release|Any CPU
		{2AF48A52-944B-4B09-89F5-0BB400603B23}.Release|ARM.ActiveCfg = Release|Any CPU
		{2AF48A52-944B-4B09-89F5-0BB400603B23}.Release|ARM.Build.0 = Release|Any CPU
		{2AF48A52-944B-4B09-89F5-0BB400603B23}.Release|ARM64.ActiveCfg = Release|Any CPU
		{2AF48A52-944B-4B09-89F5-0BB400603B23}.Release|ARM64.Build.0 = Release|Any CPU
		{2AF48A52-944B-4B09-89F5-0BB400603B23}.Release|x64.ActiveCfg = Release|Any CPU
		{2AF48A52-944B-4B09-89F5-0BB400603B23}.Release|x64.Build.0 = Release|Any CPU
		{2AF48A52-944B-4B09-89F5-0BB400603B23}.Release|x86.ActiveCfg = Release|Any CPU
		{2AF48A52-944B-4B09-89F5-0BB400603B23}.Release|x86.Build.0 = Release|Any CPU
		{72401C57-5422-4EC8-8FCD-19EC1A7E6D94}.Debug|Any CPU.ActiveCfg = Debug|Any CPU
		{72401C57-5422-4EC8-8FCD-19EC1A7E6D94}.Debug|Any CPU.Build.0 = Debug|Any CPU
		{72401C57-5422-4EC8-8FCD-19EC1A7E6D94}.Debug|ARM.ActiveCfg = Debug|Any CPU
		{72401C57-5422-4EC8-8FCD-19EC1A7E6D94}.Debug|ARM.Build.0 = Debug|Any CPU
		{72401C57-5422-4EC8-8FCD-19EC1A7E6D94}.Debug|ARM64.ActiveCfg = Debug|Any CPU
		{72401C57-5422-4EC8-8FCD-19EC1A7E6D94}.Debug|ARM64.Build.0 = Debug|Any CPU
		{72401C57-5422-4EC8-8FCD-19EC1A7E6D94}.Debug|x64.ActiveCfg = Debug|Any CPU
		{72401C57-5422-4EC8-8FCD-19EC1A7E6D94}.Debug|x64.Build.0 = Debug|Any CPU
		{72401C57-5422-4EC8-8FCD-19EC1A7E6D94}.Debug|x86.ActiveCfg = Debug|Any CPU
		{72401C57-5422-4EC8-8FCD-19EC1A7E6D94}.Debug|x86.Build.0 = Debug|Any CPU
		{72401C57-5422-4EC8-8FCD-19EC1A7E6D94}.Release|Any CPU.ActiveCfg = Release|Any CPU
		{72401C57-5422-4EC8-8FCD-19EC1A7E6D94}.Release|Any CPU.Build.0 = Release|Any CPU
		{72401C57-5422-4EC8-8FCD-19EC1A7E6D94}.Release|ARM.ActiveCfg = Release|Any CPU
		{72401C57-5422-4EC8-8FCD-19EC1A7E6D94}.Release|ARM.Build.0 = Release|Any CPU
		{72401C57-5422-4EC8-8FCD-19EC1A7E6D94}.Release|ARM64.ActiveCfg = Release|Any CPU
		{72401C57-5422-4EC8-8FCD-19EC1A7E6D94}.Release|ARM64.Build.0 = Release|Any CPU
		{72401C57-5422-4EC8-8FCD-19EC1A7E6D94}.Release|x64.ActiveCfg = Release|Any CPU
		{72401C57-5422-4EC8-8FCD-19EC1A7E6D94}.Release|x64.Build.0 = Release|Any CPU
		{72401C57-5422-4EC8-8FCD-19EC1A7E6D94}.Release|x86.ActiveCfg = Release|Any CPU
		{72401C57-5422-4EC8-8FCD-19EC1A7E6D94}.Release|x86.Build.0 = Release|Any CPU
		{708EB39C-BDD9-46E0-9F33-709574000AEF}.Debug|Any CPU.ActiveCfg = Debug|Any CPU
		{708EB39C-BDD9-46E0-9F33-709574000AEF}.Debug|Any CPU.Build.0 = Debug|Any CPU
		{708EB39C-BDD9-46E0-9F33-709574000AEF}.Debug|ARM.ActiveCfg = Debug|Any CPU
		{708EB39C-BDD9-46E0-9F33-709574000AEF}.Debug|ARM.Build.0 = Debug|Any CPU
		{708EB39C-BDD9-46E0-9F33-709574000AEF}.Debug|ARM64.ActiveCfg = Debug|Any CPU
		{708EB39C-BDD9-46E0-9F33-709574000AEF}.Debug|ARM64.Build.0 = Debug|Any CPU
		{708EB39C-BDD9-46E0-9F33-709574000AEF}.Debug|x64.ActiveCfg = Debug|Any CPU
		{708EB39C-BDD9-46E0-9F33-709574000AEF}.Debug|x64.Build.0 = Debug|Any CPU
		{708EB39C-BDD9-46E0-9F33-709574000AEF}.Debug|x86.ActiveCfg = Debug|Any CPU
		{708EB39C-BDD9-46E0-9F33-709574000AEF}.Debug|x86.Build.0 = Debug|Any CPU
		{708EB39C-BDD9-46E0-9F33-709574000AEF}.Release|Any CPU.ActiveCfg = Release|Any CPU
		{708EB39C-BDD9-46E0-9F33-709574000AEF}.Release|Any CPU.Build.0 = Release|Any CPU
		{708EB39C-BDD9-46E0-9F33-709574000AEF}.Release|ARM.ActiveCfg = Release|Any CPU
		{708EB39C-BDD9-46E0-9F33-709574000AEF}.Release|ARM.Build.0 = Release|Any CPU
		{708EB39C-BDD9-46E0-9F33-709574000AEF}.Release|ARM64.ActiveCfg = Release|Any CPU
		{708EB39C-BDD9-46E0-9F33-709574000AEF}.Release|ARM64.Build.0 = Release|Any CPU
		{708EB39C-BDD9-46E0-9F33-709574000AEF}.Release|x64.ActiveCfg = Release|Any CPU
		{708EB39C-BDD9-46E0-9F33-709574000AEF}.Release|x64.Build.0 = Release|Any CPU
		{708EB39C-BDD9-46E0-9F33-709574000AEF}.Release|x86.ActiveCfg = Release|Any CPU
		{708EB39C-BDD9-46E0-9F33-709574000AEF}.Release|x86.Build.0 = Release|Any CPU
		{4991BF4E-64D7-4D42-A678-F25C58E77FC2}.Debug|Any CPU.ActiveCfg = Debug|Any CPU
		{4991BF4E-64D7-4D42-A678-F25C58E77FC2}.Debug|Any CPU.Build.0 = Debug|Any CPU
		{4991BF4E-64D7-4D42-A678-F25C58E77FC2}.Debug|ARM.ActiveCfg = Debug|Any CPU
		{4991BF4E-64D7-4D42-A678-F25C58E77FC2}.Debug|ARM.Build.0 = Debug|Any CPU
		{4991BF4E-64D7-4D42-A678-F25C58E77FC2}.Debug|ARM64.ActiveCfg = Debug|Any CPU
		{4991BF4E-64D7-4D42-A678-F25C58E77FC2}.Debug|ARM64.Build.0 = Debug|Any CPU
		{4991BF4E-64D7-4D42-A678-F25C58E77FC2}.Debug|x64.ActiveCfg = Debug|Any CPU
		{4991BF4E-64D7-4D42-A678-F25C58E77FC2}.Debug|x64.Build.0 = Debug|Any CPU
		{4991BF4E-64D7-4D42-A678-F25C58E77FC2}.Debug|x86.ActiveCfg = Debug|Any CPU
		{4991BF4E-64D7-4D42-A678-F25C58E77FC2}.Debug|x86.Build.0 = Debug|Any CPU
		{4991BF4E-64D7-4D42-A678-F25C58E77FC2}.Release|Any CPU.ActiveCfg = Release|Any CPU
		{4991BF4E-64D7-4D42-A678-F25C58E77FC2}.Release|Any CPU.Build.0 = Release|Any CPU
		{4991BF4E-64D7-4D42-A678-F25C58E77FC2}.Release|ARM.ActiveCfg = Release|Any CPU
		{4991BF4E-64D7-4D42-A678-F25C58E77FC2}.Release|ARM.Build.0 = Release|Any CPU
		{4991BF4E-64D7-4D42-A678-F25C58E77FC2}.Release|ARM64.ActiveCfg = Release|Any CPU
		{4991BF4E-64D7-4D42-A678-F25C58E77FC2}.Release|ARM64.Build.0 = Release|Any CPU
		{4991BF4E-64D7-4D42-A678-F25C58E77FC2}.Release|x64.ActiveCfg = Release|Any CPU
		{4991BF4E-64D7-4D42-A678-F25C58E77FC2}.Release|x64.Build.0 = Release|Any CPU
		{4991BF4E-64D7-4D42-A678-F25C58E77FC2}.Release|x86.ActiveCfg = Release|Any CPU
		{4991BF4E-64D7-4D42-A678-F25C58E77FC2}.Release|x86.Build.0 = Release|Any CPU
		{044EDBCF-1DAA-4205-916C-70D1633FAD3D}.Debug|Any CPU.ActiveCfg = Debug|x86
		{044EDBCF-1DAA-4205-916C-70D1633FAD3D}.Debug|Any CPU.Build.0 = Debug|x86
		{044EDBCF-1DAA-4205-916C-70D1633FAD3D}.Debug|Any CPU.Deploy.0 = Debug|x86
		{044EDBCF-1DAA-4205-916C-70D1633FAD3D}.Debug|ARM.ActiveCfg = Debug|ARM
		{044EDBCF-1DAA-4205-916C-70D1633FAD3D}.Debug|ARM.Build.0 = Debug|ARM
		{044EDBCF-1DAA-4205-916C-70D1633FAD3D}.Debug|ARM.Deploy.0 = Debug|ARM
		{044EDBCF-1DAA-4205-916C-70D1633FAD3D}.Debug|ARM64.ActiveCfg = Debug|ARM64
		{044EDBCF-1DAA-4205-916C-70D1633FAD3D}.Debug|ARM64.Build.0 = Debug|ARM64
		{044EDBCF-1DAA-4205-916C-70D1633FAD3D}.Debug|ARM64.Deploy.0 = Debug|ARM64
		{044EDBCF-1DAA-4205-916C-70D1633FAD3D}.Debug|x64.ActiveCfg = Debug|x64
		{044EDBCF-1DAA-4205-916C-70D1633FAD3D}.Debug|x64.Build.0 = Debug|x64
		{044EDBCF-1DAA-4205-916C-70D1633FAD3D}.Debug|x64.Deploy.0 = Debug|x64
		{044EDBCF-1DAA-4205-916C-70D1633FAD3D}.Debug|x86.ActiveCfg = Debug|x86
		{044EDBCF-1DAA-4205-916C-70D1633FAD3D}.Debug|x86.Build.0 = Debug|x86
		{044EDBCF-1DAA-4205-916C-70D1633FAD3D}.Debug|x86.Deploy.0 = Debug|x86
		{044EDBCF-1DAA-4205-916C-70D1633FAD3D}.Release|Any CPU.ActiveCfg = Release|x86
		{044EDBCF-1DAA-4205-916C-70D1633FAD3D}.Release|ARM.ActiveCfg = Release|ARM
		{044EDBCF-1DAA-4205-916C-70D1633FAD3D}.Release|ARM.Build.0 = Release|ARM
		{044EDBCF-1DAA-4205-916C-70D1633FAD3D}.Release|ARM.Deploy.0 = Release|ARM
		{044EDBCF-1DAA-4205-916C-70D1633FAD3D}.Release|ARM64.ActiveCfg = Release|ARM64
		{044EDBCF-1DAA-4205-916C-70D1633FAD3D}.Release|ARM64.Build.0 = Release|ARM64
		{044EDBCF-1DAA-4205-916C-70D1633FAD3D}.Release|ARM64.Deploy.0 = Release|ARM64
		{044EDBCF-1DAA-4205-916C-70D1633FAD3D}.Release|x64.ActiveCfg = Release|x64
		{044EDBCF-1DAA-4205-916C-70D1633FAD3D}.Release|x64.Build.0 = Release|x64
		{044EDBCF-1DAA-4205-916C-70D1633FAD3D}.Release|x64.Deploy.0 = Release|x64
		{044EDBCF-1DAA-4205-916C-70D1633FAD3D}.Release|x86.ActiveCfg = Release|x86
		{044EDBCF-1DAA-4205-916C-70D1633FAD3D}.Release|x86.Build.0 = Release|x86
		{044EDBCF-1DAA-4205-916C-70D1633FAD3D}.Release|x86.Deploy.0 = Release|x86
	EndGlobalSection
	GlobalSection(SolutionProperties) = preSolution
		HideSolutionNode = FALSE
	EndGlobalSection
	GlobalSection(ExtensibilityGlobals) = postSolution
		SolutionGuid = {75FA46CB-B58D-4B32-ACBF-9917FE41F986}
	EndGlobalSection
EndGlobal
